
Microsoft Visual Studio Solution File, Format Version 12.00
# Visual Studio Version 16
VisualStudioVersion = 16.0.30621.155
MinimumVisualStudioVersion = 10.0.40219.1
Project("{8BC9CEB8-8B4A-11D0-8D11-00A0C91BC942}") = "LoggerLib", "LoggerLib.vcxproj", "{9EE52203-AA2F-4D7C-81D5-F27D040D542E}"
EndProject
Global
	GlobalSection(SolutionConfigurationPlatforms) = preSolution
		Debug|ARM = Debug|ARM
		Debug|ARM64 = Debug|ARM64
		Debug|x64 = Debug|x64
		Debug|x86 = Debug|x86
		Release|ARM = Release|ARM
		Release|ARM64 = Release|ARM64
		Release|x64 = Release|x64
		Release|x86 = Release|x86
	EndGlobalSection
	GlobalSection(ProjectConfigurationPlatforms) = postSolution
		{9EE52203-AA2F-4D7C-81D5-F27D040D542E}.Debug|ARM.ActiveCfg = Debug|ARM
		{9EE52203-AA2F-4D7C-81D5-F27D040D542E}.Debug|ARM.Build.0 = Debug|ARM
		{9EE52203-AA2F-4D7C-81D5-F27D040D542E}.Debug|ARM.Deploy.0 = Debug|ARM
		{9EE52203-AA2F-4D7C-81D5-F27D040D542E}.Debug|ARM64.ActiveCfg = Debug|ARM64
		{9EE52203-AA2F-4D7C-81D5-F27D040D542E}.Debug|ARM64.Build.0 = Debug|ARM64
		{9EE52203-AA2F-4D7C-81D5-F27D040D542E}.Debug|ARM64.Deploy.0 = Debug|ARM64
		{9EE52203-AA2F-4D7C-81D5-F27D040D542E}.Debug|x64.ActiveCfg = Debug|x64
		{9EE52203-AA2F-4D7C-81D5-F27D040D542E}.Debug|x64.Build.0 = Debug|x64
		{9EE52203-AA2F-4D7C-81D5-F27D040D542E}.Debug|x64.Deploy.0 = Debug|x64
		{9EE52203-AA2F-4D7C-81D5-F27D040D542E}.Debug|x86.ActiveCfg = Debug|x86
		{9EE52203-AA2F-4D7C-81D5-F27D040D542E}.Debug|x86.Build.0 = Debug|x86
		{9EE52203-AA2F-4D7C-81D5-F27D040D542E}.Debug|x86.Deploy.0 = Debug|x86
		{9EE52203-AA2F-4D7C-81D5-F27D040D542E}.Release|ARM.ActiveCfg = Release|ARM
		{9EE52203-AA2F-4D7C-81D5-F27D040D542E}.Release|ARM.Build.0 = Release|ARM
		{9EE52203-AA2F-4D7C-81D5-F27D040D542E}.Release|ARM.Deploy.0 = Release|ARM
		{9EE52203-AA2F-4D7C-81D5-F27D040D542E}.Release|ARM64.ActiveCfg = Release|ARM64
		{9EE52203-AA2F-4D7C-81D5-F27D040D542E}.Release|ARM64.Build.0 = Release|ARM64
		{9EE52203-AA2F-4D7C-81D5-F27D040D542E}.Release|ARM64.Deploy.0 = Release|ARM64
		{9EE52203-AA2F-4D7C-81D5-F27D040D542E}.Release|x64.ActiveCfg = Release|x64
		{9EE52203-AA2F-4D7C-81D5-F27D040D542E}.Release|x64.Build.0 = Release|x64
		{9EE52203-AA2F-4D7C-81D5-F27D040D542E}.Release|x64.Deploy.0 = Release|x64
		{9EE52203-AA2F-4D7C-81D5-F27D040D542E}.Release|x86.ActiveCfg = Release|x86
		{9EE52203-AA2F-4D7C-81D5-F27D040D542E}.Release|x86.Build.0 = Release|x86
		{9EE52203-AA2F-4D7C-81D5-F27D040D542E}.Release|x86.Deploy.0 = Release|x86
	EndGlobalSection
	GlobalSection(SolutionProperties) = preSolution
		HideSolutionNode = FALSE
	EndGlobalSection
	GlobalSection(ExtensibilityGlobals) = postSolution
		SolutionGuid = {6491D206-D86B-40B7-AF6E-6E791812CE22}
	EndGlobalSection
EndGlobal
